
Microsoft Visual Studio Solution File, Format Version 12.00
# Visual Studio Version 17
VisualStudioVersion = 17.5.33516.290
MinimumVisualStudioVersion = 10.0.40219.1
Project("{9A19103F-16F7-4668-BE54-9A1E7A4F7556}") = "Exercise22", "Exercise22\Exercise22.csproj", "{0BCA30BE-EB51-4E7F-8AD5-450E6318A53E}"
EndProject
Project("{9A19103F-16F7-4668-BE54-9A1E7A4F7556}") = "Conversion", "Convertion\Conversion.csproj", "{D04CD2D7-13EA-465D-A6EE-5D0357C1DDD6}"
EndProject
Global
	GlobalSection(SolutionConfigurationPlatforms) = preSolution
		Debug|Any CPU = Debug|Any CPU
		Release|Any CPU = Release|Any CPU
	EndGlobalSection
	GlobalSection(ProjectConfigurationPlatforms) = postSolution
		{0BCA30BE-EB51-4E7F-8AD5-450E6318A53E}.Debug|Any CPU.ActiveCfg = Debug|Any CPU
		{0BCA30BE-EB51-4E7F-8AD5-450E6318A53E}.Debug|Any CPU.Build.0 = Debug|Any CPU
		{0BCA30BE-EB51-4E7F-8AD5-450E6318A53E}.Release|Any CPU.ActiveCfg = Release|Any CPU
		{0BCA30BE-EB51-4E7F-8AD5-450E6318A53E}.Release|Any CPU.Build.0 = Release|Any CPU
		{D04CD2D7-13EA-465D-A6EE-5D0357C1DDD6}.Debug|Any CPU.ActiveCfg = Debug|Any CPU
		{D04CD2D7-13EA-465D-A6EE-5D0357C1DDD6}.Debug|Any CPU.Build.0 = Debug|Any CPU
		{D04CD2D7-13EA-465D-A6EE-5D0357C1DDD6}.Release|Any CPU.ActiveCfg = Release|Any CPU
		{D04CD2D7-13EA-465D-A6EE-5D0357C1DDD6}.Release|Any CPU.Build.0 = Release|Any CPU
	EndGlobalSection
	GlobalSection(SolutionProperties) = preSolution
		HideSolutionNode = FALSE
	EndGlobalSection
	GlobalSection(ExtensibilityGlobals) = postSolution
		SolutionGuid = {E9E9ED1D-0CC7-491C-B3A4-7A9CDE6A10C7}
	EndGlobalSection
EndGlobal
