
Microsoft Visual Studio Solution File, Format Version 12.00
# Visual Studio Version 17
VisualStudioVersion = 17.5.33516.290
MinimumVisualStudioVersion = 10.0.40219.1
Project("{FAE04EC0-301F-11D3-BF4B-00C04F79EFBC}") = "Exercise_28", "Exercise_28\Exercise_28.csproj", "{EB05307F-4918-457B-9728-ADBF32BCABEE}"
EndProject
Global
	GlobalSection(SolutionConfigurationPlatforms) = preSolution
		Debug|Any CPU = Debug|Any CPU
		Release|Any CPU = Release|Any CPU
	EndGlobalSection
	GlobalSection(ProjectConfigurationPlatforms) = postSolution
		{EB05307F-4918-457B-9728-ADBF32BCABEE}.Debug|Any CPU.ActiveCfg = Debug|Any CPU
		{EB05307F-4918-457B-9728-ADBF32BCABEE}.Debug|Any CPU.Build.0 = Debug|Any CPU
		{EB05307F-4918-457B-9728-ADBF32BCABEE}.Release|Any CPU.ActiveCfg = Release|Any CPU
		{EB05307F-4918-457B-9728-ADBF32BCABEE}.Release|Any CPU.Build.0 = Release|Any CPU
	EndGlobalSection
	GlobalSection(SolutionProperties) = preSolution
		HideSolutionNode = FALSE
	EndGlobalSection
	GlobalSection(ExtensibilityGlobals) = postSolution
		SolutionGuid = {30E3B708-98F7-42E6-80D0-B002EF9F0F75}
	EndGlobalSection
EndGlobal
