
Microsoft Visual Studio Solution File, Format Version 12.00
# Visual Studio Version 17
VisualStudioVersion = 17.5.33516.290
MinimumVisualStudioVersion = 10.0.40219.1
Project("{FAE04EC0-301F-11D3-BF4B-00C04F79EFBC}") = "Exercise_23", "Exercise_23\Exercise_23.csproj", "{C2CB8969-2990-4857-B0E2-7EC86076A636}"
EndProject
Project("{9A19103F-16F7-4668-BE54-9A1E7A4F7556}") = "Billetes", "Billetes\Billetes.csproj", "{841C74B7-460E-42BE-BAB3-9C3D1C1D9254}"
EndProject
Global
	GlobalSection(SolutionConfigurationPlatforms) = preSolution
		Debug|Any CPU = Debug|Any CPU
		Release|Any CPU = Release|Any CPU
	EndGlobalSection
	GlobalSection(ProjectConfigurationPlatforms) = postSolution
		{C2CB8969-2990-4857-B0E2-7EC86076A636}.Debug|Any CPU.ActiveCfg = Debug|Any CPU
		{C2CB8969-2990-4857-B0E2-7EC86076A636}.Debug|Any CPU.Build.0 = Debug|Any CPU
		{C2CB8969-2990-4857-B0E2-7EC86076A636}.Release|Any CPU.ActiveCfg = Release|Any CPU
		{C2CB8969-2990-4857-B0E2-7EC86076A636}.Release|Any CPU.Build.0 = Release|Any CPU
		{841C74B7-460E-42BE-BAB3-9C3D1C1D9254}.Debug|Any CPU.ActiveCfg = Debug|Any CPU
		{841C74B7-460E-42BE-BAB3-9C3D1C1D9254}.Debug|Any CPU.Build.0 = Debug|Any CPU
		{841C74B7-460E-42BE-BAB3-9C3D1C1D9254}.Release|Any CPU.ActiveCfg = Release|Any CPU
		{841C74B7-460E-42BE-BAB3-9C3D1C1D9254}.Release|Any CPU.Build.0 = Release|Any CPU
	EndGlobalSection
	GlobalSection(SolutionProperties) = preSolution
		HideSolutionNode = FALSE
	EndGlobalSection
	GlobalSection(ExtensibilityGlobals) = postSolution
		SolutionGuid = {2F314CEF-D41E-4735-B9AB-B278B1B39D6F}
	EndGlobalSection
EndGlobal
