
Microsoft Visual Studio Solution File, Format Version 12.00
# Visual Studio Version 17
VisualStudioVersion = 17.5.33516.290
MinimumVisualStudioVersion = 10.0.40219.1
Project("{FAE04EC0-301F-11D3-BF4B-00C04F79EFBC}") = "Exercise_42", "Exercise_42\Exercise_42.csproj", "{D14B9798-9243-490E-9A34-1046A9FDEE76}"
EndProject
Project("{9A19103F-16F7-4668-BE54-9A1E7A4F7556}") = "Entidades", "..\Exercesi_42\Entidades\Entidades.csproj", "{90B5085A-851B-4EC3-A764-B440FA5B7C26}"
EndProject
Global
	GlobalSection(SolutionConfigurationPlatforms) = preSolution
		Debug|Any CPU = Debug|Any CPU
		Release|Any CPU = Release|Any CPU
	EndGlobalSection
	GlobalSection(ProjectConfigurationPlatforms) = postSolution
		{D14B9798-9243-490E-9A34-1046A9FDEE76}.Debug|Any CPU.ActiveCfg = Debug|Any CPU
		{D14B9798-9243-490E-9A34-1046A9FDEE76}.Debug|Any CPU.Build.0 = Debug|Any CPU
		{D14B9798-9243-490E-9A34-1046A9FDEE76}.Release|Any CPU.ActiveCfg = Release|Any CPU
		{D14B9798-9243-490E-9A34-1046A9FDEE76}.Release|Any CPU.Build.0 = Release|Any CPU
		{90B5085A-851B-4EC3-A764-B440FA5B7C26}.Debug|Any CPU.ActiveCfg = Debug|Any CPU
		{90B5085A-851B-4EC3-A764-B440FA5B7C26}.Debug|Any CPU.Build.0 = Debug|Any CPU
		{90B5085A-851B-4EC3-A764-B440FA5B7C26}.Release|Any CPU.ActiveCfg = Release|Any CPU
		{90B5085A-851B-4EC3-A764-B440FA5B7C26}.Release|Any CPU.Build.0 = Release|Any CPU
	EndGlobalSection
	GlobalSection(SolutionProperties) = preSolution
		HideSolutionNode = FALSE
	EndGlobalSection
	GlobalSection(ExtensibilityGlobals) = postSolution
		SolutionGuid = {33D0C383-A844-44F0-A376-A6C252FA4461}
	EndGlobalSection
EndGlobal
