
Microsoft Visual Studio Solution File, Format Version 12.00
# Visual Studio Version 17
VisualStudioVersion = 17.5.33516.290
MinimumVisualStudioVersion = 10.0.40219.1
Project("{FAE04EC0-301F-11D3-BF4B-00C04F79EFBC}") = "Exersice5", "Exersice5\Exersice5.csproj", "{6571DEBE-067F-4B13-BCE7-E3A4BF0E658A}"
EndProject
Project("{FAE04EC0-301F-11D3-BF4B-00C04F79EFBC}") = "ClassLibrary1", "ClassLibrary1\ClassLibrary1.csproj", "{E557941D-C207-446D-A943-C95CBD8D4153}"
EndProject
Global
	GlobalSection(SolutionConfigurationPlatforms) = preSolution
		Debug|Any CPU = Debug|Any CPU
		Release|Any CPU = Release|Any CPU
	EndGlobalSection
	GlobalSection(ProjectConfigurationPlatforms) = postSolution
		{6571DEBE-067F-4B13-BCE7-E3A4BF0E658A}.Debug|Any CPU.ActiveCfg = Debug|Any CPU
		{6571DEBE-067F-4B13-BCE7-E3A4BF0E658A}.Debug|Any CPU.Build.0 = Debug|Any CPU
		{6571DEBE-067F-4B13-BCE7-E3A4BF0E658A}.Release|Any CPU.ActiveCfg = Release|Any CPU
		{6571DEBE-067F-4B13-BCE7-E3A4BF0E658A}.Release|Any CPU.Build.0 = Release|Any CPU
		{E557941D-C207-446D-A943-C95CBD8D4153}.Debug|Any CPU.ActiveCfg = Debug|Any CPU
		{E557941D-C207-446D-A943-C95CBD8D4153}.Debug|Any CPU.Build.0 = Debug|Any CPU
		{E557941D-C207-446D-A943-C95CBD8D4153}.Release|Any CPU.ActiveCfg = Release|Any CPU
		{E557941D-C207-446D-A943-C95CBD8D4153}.Release|Any CPU.Build.0 = Release|Any CPU
	EndGlobalSection
	GlobalSection(SolutionProperties) = preSolution
		HideSolutionNode = FALSE
	EndGlobalSection
	GlobalSection(ExtensibilityGlobals) = postSolution
		SolutionGuid = {C90E0E0A-43C0-441F-81DF-581FEDE82330}
	EndGlobalSection
EndGlobal
