
Microsoft Visual Studio Solution File, Format Version 12.00
# Visual Studio Version 17
VisualStudioVersion = 17.5.33516.290
MinimumVisualStudioVersion = 10.0.40219.1
Project("{FAE04EC0-301F-11D3-BF4B-00C04F79EFBC}") = "PP_04052023_DIV2C", "PP_04052023_DIV2C\PP_04052023_DIV2C.csproj", "{F022F03C-9D8A-4D66-8B6C-A1347AB400A3}"
EndProject
Project("{9A19103F-16F7-4668-BE54-9A1E7A4F7556}") = "Entidades", "..\..\..\PrimerParcial\PrimerParcialBartoncello\Entidades\Entidades.csproj", "{3B6CBC35-2A85-4E07-A169-342085F8D2C2}"
EndProject
Global
	GlobalSection(SolutionConfigurationPlatforms) = preSolution
		Debug|Any CPU = Debug|Any CPU
		Release|Any CPU = Release|Any CPU
	EndGlobalSection
	GlobalSection(ProjectConfigurationPlatforms) = postSolution
		{F022F03C-9D8A-4D66-8B6C-A1347AB400A3}.Debug|Any CPU.ActiveCfg = Debug|Any CPU
		{F022F03C-9D8A-4D66-8B6C-A1347AB400A3}.Debug|Any CPU.Build.0 = Debug|Any CPU
		{F022F03C-9D8A-4D66-8B6C-A1347AB400A3}.Release|Any CPU.ActiveCfg = Release|Any CPU
		{F022F03C-9D8A-4D66-8B6C-A1347AB400A3}.Release|Any CPU.Build.0 = Release|Any CPU
		{3B6CBC35-2A85-4E07-A169-342085F8D2C2}.Debug|Any CPU.ActiveCfg = Debug|Any CPU
		{3B6CBC35-2A85-4E07-A169-342085F8D2C2}.Debug|Any CPU.Build.0 = Debug|Any CPU
		{3B6CBC35-2A85-4E07-A169-342085F8D2C2}.Release|Any CPU.ActiveCfg = Release|Any CPU
		{3B6CBC35-2A85-4E07-A169-342085F8D2C2}.Release|Any CPU.Build.0 = Release|Any CPU
	EndGlobalSection
	GlobalSection(SolutionProperties) = preSolution
		HideSolutionNode = FALSE
	EndGlobalSection
	GlobalSection(ExtensibilityGlobals) = postSolution
		SolutionGuid = {4425773E-00D6-49A2-94C1-B80116C49FCB}
	EndGlobalSection
EndGlobal
