
Microsoft Visual Studio Solution File, Format Version 12.00
# Visual Studio Version 17
VisualStudioVersion = 17.5.33516.290
MinimumVisualStudioVersion = 10.0.40219.1
Project("{FAE04EC0-301F-11D3-BF4B-00C04F79EFBC}") = "ExceptionClass", "ExceptionClass\ExceptionClass.csproj", "{B3A2F29E-9DA5-49E9-B803-B0900FAECCBE}"
EndProject
Project("{FAE04EC0-301F-11D3-BF4B-00C04F79EFBC}") = "Entidades", "Entidades\Entidades.csproj", "{43163AE3-5638-4F0D-BAEB-381F9969F935}"
EndProject
Global
	GlobalSection(SolutionConfigurationPlatforms) = preSolution
		Debug|Any CPU = Debug|Any CPU
		Release|Any CPU = Release|Any CPU
	EndGlobalSection
	GlobalSection(ProjectConfigurationPlatforms) = postSolution
		{B3A2F29E-9DA5-49E9-B803-B0900FAECCBE}.Debug|Any CPU.ActiveCfg = Debug|Any CPU
		{B3A2F29E-9DA5-49E9-B803-B0900FAECCBE}.Debug|Any CPU.Build.0 = Debug|Any CPU
		{B3A2F29E-9DA5-49E9-B803-B0900FAECCBE}.Release|Any CPU.ActiveCfg = Release|Any CPU
		{B3A2F29E-9DA5-49E9-B803-B0900FAECCBE}.Release|Any CPU.Build.0 = Release|Any CPU
		{43163AE3-5638-4F0D-BAEB-381F9969F935}.Debug|Any CPU.ActiveCfg = Debug|Any CPU
		{43163AE3-5638-4F0D-BAEB-381F9969F935}.Debug|Any CPU.Build.0 = Debug|Any CPU
		{43163AE3-5638-4F0D-BAEB-381F9969F935}.Release|Any CPU.ActiveCfg = Release|Any CPU
		{43163AE3-5638-4F0D-BAEB-381F9969F935}.Release|Any CPU.Build.0 = Release|Any CPU
	EndGlobalSection
	GlobalSection(SolutionProperties) = preSolution
		HideSolutionNode = FALSE
	EndGlobalSection
	GlobalSection(ExtensibilityGlobals) = postSolution
		SolutionGuid = {B408E06A-5F3D-4588-A599-DAC69B017DFE}
	EndGlobalSection
EndGlobal
