
Microsoft Visual Studio Solution File, Format Version 12.00
# Visual Studio Version 17
VisualStudioVersion = 17.5.33516.290
MinimumVisualStudioVersion = 10.0.40219.1
Project("{FAE04EC0-301F-11D3-BF4B-00C04F79EFBC}") = "Entidades", "Entidades\Entidades.csproj", "{3C078E3D-9EFE-4829-9B8F-AA00D2A25E6B}"
EndProject
Project("{FAE04EC0-301F-11D3-BF4B-00C04F79EFBC}") = "Exercise_48", "..\Exercise_48_\Exercise_48.csproj", "{7D0807C6-837A-4FEC-8A09-E184A130496E}"
EndProject
Global
	GlobalSection(SolutionConfigurationPlatforms) = preSolution
		Debug|Any CPU = Debug|Any CPU
		Release|Any CPU = Release|Any CPU
	EndGlobalSection
	GlobalSection(ProjectConfigurationPlatforms) = postSolution
		{3C078E3D-9EFE-4829-9B8F-AA00D2A25E6B}.Debug|Any CPU.ActiveCfg = Debug|Any CPU
		{3C078E3D-9EFE-4829-9B8F-AA00D2A25E6B}.Debug|Any CPU.Build.0 = Debug|Any CPU
		{3C078E3D-9EFE-4829-9B8F-AA00D2A25E6B}.Release|Any CPU.ActiveCfg = Release|Any CPU
		{3C078E3D-9EFE-4829-9B8F-AA00D2A25E6B}.Release|Any CPU.Build.0 = Release|Any CPU
		{7D0807C6-837A-4FEC-8A09-E184A130496E}.Debug|Any CPU.ActiveCfg = Debug|Any CPU
		{7D0807C6-837A-4FEC-8A09-E184A130496E}.Debug|Any CPU.Build.0 = Debug|Any CPU
		{7D0807C6-837A-4FEC-8A09-E184A130496E}.Release|Any CPU.ActiveCfg = Release|Any CPU
		{7D0807C6-837A-4FEC-8A09-E184A130496E}.Release|Any CPU.Build.0 = Release|Any CPU
	EndGlobalSection
	GlobalSection(SolutionProperties) = preSolution
		HideSolutionNode = FALSE
	EndGlobalSection
	GlobalSection(ExtensibilityGlobals) = postSolution
		SolutionGuid = {131EB48C-D620-4AEC-AFFF-42109F256D01}
	EndGlobalSection
EndGlobal
