
Microsoft Visual Studio Solution File, Format Version 12.00
# Visual Studio Version 17
VisualStudioVersion = 17.5.33516.290
MinimumVisualStudioVersion = 10.0.40219.1
Project("{FAE04EC0-301F-11D3-BF4B-00C04F79EFBC}") = "Exercise11", "Exercise11\Exercise11.csproj", "{74169D7E-6166-44DB-8640-83B4F1FCF169}"
EndProject
Project("{FAE04EC0-301F-11D3-BF4B-00C04F79EFBC}") = "Validate", "Validate\Validate.csproj", "{726A0C79-869A-4FB2-B056-1FAA39DA54EB}"
EndProject
Global
	GlobalSection(SolutionConfigurationPlatforms) = preSolution
		Debug|Any CPU = Debug|Any CPU
		Release|Any CPU = Release|Any CPU
	EndGlobalSection
	GlobalSection(ProjectConfigurationPlatforms) = postSolution
		{74169D7E-6166-44DB-8640-83B4F1FCF169}.Debug|Any CPU.ActiveCfg = Debug|Any CPU
		{74169D7E-6166-44DB-8640-83B4F1FCF169}.Debug|Any CPU.Build.0 = Debug|Any CPU
		{74169D7E-6166-44DB-8640-83B4F1FCF169}.Release|Any CPU.ActiveCfg = Release|Any CPU
		{74169D7E-6166-44DB-8640-83B4F1FCF169}.Release|Any CPU.Build.0 = Release|Any CPU
		{726A0C79-869A-4FB2-B056-1FAA39DA54EB}.Debug|Any CPU.ActiveCfg = Debug|Any CPU
		{726A0C79-869A-4FB2-B056-1FAA39DA54EB}.Debug|Any CPU.Build.0 = Debug|Any CPU
		{726A0C79-869A-4FB2-B056-1FAA39DA54EB}.Release|Any CPU.ActiveCfg = Release|Any CPU
		{726A0C79-869A-4FB2-B056-1FAA39DA54EB}.Release|Any CPU.Build.0 = Release|Any CPU
	EndGlobalSection
	GlobalSection(SolutionProperties) = preSolution
		HideSolutionNode = FALSE
	EndGlobalSection
	GlobalSection(ExtensibilityGlobals) = postSolution
		SolutionGuid = {713D7FF8-CCF6-4000-BE82-76B8BC33A292}
	EndGlobalSection
EndGlobal
