
Microsoft Visual Studio Solution File, Format Version 12.00
# Visual Studio Version 17
VisualStudioVersion = 17.5.33516.290
MinimumVisualStudioVersion = 10.0.40219.1
Project("{FAE04EC0-301F-11D3-BF4B-00C04F79EFBC}") = "WindownsForm", "WindownsForm\WindownsForm.csproj", "{2A900E80-FC38-4247-AAF1-D423AF8D261A}"
EndProject
Global
	GlobalSection(SolutionConfigurationPlatforms) = preSolution
		Debug|Any CPU = Debug|Any CPU
		Release|Any CPU = Release|Any CPU
	EndGlobalSection
	GlobalSection(ProjectConfigurationPlatforms) = postSolution
		{2A900E80-FC38-4247-AAF1-D423AF8D261A}.Debug|Any CPU.ActiveCfg = Debug|Any CPU
		{2A900E80-FC38-4247-AAF1-D423AF8D261A}.Debug|Any CPU.Build.0 = Debug|Any CPU
		{2A900E80-FC38-4247-AAF1-D423AF8D261A}.Release|Any CPU.ActiveCfg = Release|Any CPU
		{2A900E80-FC38-4247-AAF1-D423AF8D261A}.Release|Any CPU.Build.0 = Release|Any CPU
	EndGlobalSection
	GlobalSection(SolutionProperties) = preSolution
		HideSolutionNode = FALSE
	EndGlobalSection
	GlobalSection(ExtensibilityGlobals) = postSolution
		SolutionGuid = {9BF837F2-BA4C-4093-A012-64238233AEB1}
	EndGlobalSection
EndGlobal
